{
    "_readme": [
        "This file locks the dependencies of your project to a known state",
        "Read more about it at https://getcomposer.org/doc/01-basic-usage.md#installing-dependencies",
        "This file is @generated automatically"
    ],
    "content-hash": "84d69deb7c25aa5c7d9ce29615784ec0",
    "packages": [
        {
            "name": "cebe/markdown",
            "version": "0.9.2",
            "source": {
                "type": "git",
                "url": "https://github.com/cebe/markdown.git",
                "reference": "70d24fe88e3cb2795d2a422f3dffd264861bca20"
            },
            "dist": {
                "type": "zip",
                "url": "https://api.github.com/repos/cebe/markdown/zipball/70d24fe88e3cb2795d2a422f3dffd264861bca20",
                "reference": "70d24fe88e3cb2795d2a422f3dffd264861bca20",
                "shasum": ""
            },
            "require": {
                "lib-pcre": "*",
                "php": ">=5.4.0"
            },
            "require-dev": {
                "phpunit/phpunit": "3.7.*"
            },
            "bin": [
                "bin/markdown"
            ],
            "type": "library",
            "autoload": {
                "psr-4": {
                    "cebe\\markdown\\": ""
                }
            },
            "notification-url": "https://packagist.org/downloads/",
            "license": [
                "MIT"
            ],
            "authors": [
                {
                    "name": "Carsten Brandt",
                    "email": "mail@cebe.cc",
                    "homepage": "http://cebe.cc/",
                    "role": "Core framework development"
                }
            ],
            "description": "A super fast highly extensible markdown parser for PHP",
            "homepage": "http://www.cebe.cc/markdown",
            "keywords": [
                "extensible",
                "fast",
                "gfm",
                "markdown",
                "markdown-extra"
            ],
            "support": {
                "issues": "https://github.com/cebe/markdown/issues",
                "source": "https://github.com/cebe/markdown"
            },
            "time": "2014-02-18T15:53:17+00:00"
        },
        {
            "name": "ezyang/htmlpurifier",
            "version": "v4.6.0",
            "source": {
                "type": "git",
                "url": "https://github.com/ezyang/htmlpurifier.git",
                "reference": "6f389f0f25b90d0b495308efcfa073981177f0fd"
            },
            "dist": {
                "type": "zip",
                "url": "https://api.github.com/repos/ezyang/htmlpurifier/zipball/6f389f0f25b90d0b495308efcfa073981177f0fd",
                "reference": "6f389f0f25b90d0b495308efcfa073981177f0fd",
                "shasum": ""
            },
            "require": {
                "php": ">=5.2"
            },
            "type": "library",
            "autoload": {
                "files": [
                    "library/HTMLPurifier.composer.php"
                ],
                "psr-0": {
                    "HTMLPurifier": "library/"
                }
            },
            "notification-url": "https://packagist.org/downloads/",
            "license": [
                "LGPL"
            ],
            "authors": [
                {
                    "name": "Edward Z. Yang",
                    "email": "admin@htmlpurifier.org",
                    "homepage": "http://ezyang.com"
                }
            ],
            "description": "Standards compliant HTML filter written in PHP",
            "homepage": "http://htmlpurifier.org/",
            "keywords": [
                "html"
            ],
            "support": {
                "issues": "https://github.com/ezyang/htmlpurifier/issues",
                "source": "https://github.com/ezyang/htmlpurifier/tree/v4.6.0"
            },
            "time": "2013-11-30T08:25:19+00:00"
        },
        {
            "name": "mobiledetect/mobiledetectlib",
            "version": "2.8.45",
            "source": {
                "type": "git",
                "url": "https://github.com/serbanghita/Mobile-Detect.git",
                "reference": "96aaebcf4f50d3d2692ab81d2c5132e425bca266"
            },
            "dist": {
                "type": "zip",
                "url": "https://api.github.com/repos/serbanghita/Mobile-Detect/zipball/96aaebcf4f50d3d2692ab81d2c5132e425bca266",
                "reference": "96aaebcf4f50d3d2692ab81d2c5132e425bca266",
                "shasum": ""
            },
            "require": {
                "php": ">=5.0.0"
            },
            "require-dev": {
                "phpunit/phpunit": "~4.8.36"
            },
            "type": "library",
            "autoload": {
                "psr-0": {
                    "Detection": "namespaced/"
                },
                "classmap": [
                    "Mobile_Detect.php"
                ]
            },
            "notification-url": "https://packagist.org/downloads/",
            "license": [
                "MIT"
            ],
            "authors": [
                {
                    "name": "Serban Ghita",
                    "email": "serbanghita@gmail.com",
                    "homepage": "http://mobiledetect.net",
                    "role": "Developer"
                }
            ],
            "description": "Mobile_Detect is a lightweight PHP class for detecting mobile devices. It uses the User-Agent string combined with specific HTTP headers to detect the mobile environment.",
            "homepage": "https://github.com/serbanghita/Mobile-Detect",
            "keywords": [
                "detect mobile devices",
                "mobile",
                "mobile detect",
                "mobile detector",
                "php mobile detect"
            ],
            "support": {
                "issues": "https://github.com/serbanghita/Mobile-Detect/issues",
                "source": "https://github.com/serbanghita/Mobile-Detect/tree/2.8.45"
            },
            "funding": [
                {
                    "url": "https://github.com/serbanghita",
                    "type": "github"
                }
            ],
            "time": "2023-11-07T21:57:25+00:00"
        },
        {
            "name": "yiisoft/jquery",
            "version": "2.1.1",
            "source": {
                "type": "git",
                "url": "https://github.com/yiisoft/jquery.git",
                "reference": "bc09bbbc8b40cf89812036188b6f94ae7627c73c"
            },
            "dist": {
                "type": "zip",
                "url": "https://api.github.com/repos/yiisoft/jquery/zipball/bc09bbbc8b40cf89812036188b6f94ae7627c73c",
                "reference": "bc09bbbc8b40cf89812036188b6f94ae7627c73c",
                "shasum": ""
            },
            "type": "library",
            "notification-url": "https://packagist.org/downloads/",
            "license": [
                "MIT"
            ],
            "description": "jQuery JavaScript Library",
            "homepage": "http://jquery.com",
            "support": {
                "forum": "http://forum.jquery.com",
                "irc": "irc://irc.freenode.org/jquery",
                "issues": "http://bugs.jquery.com",
                "source": "https://github.com/jquery/jquery",
                "wiki": "http://docs.jquery.com/"
            },
            "abandoned": true,
            "time": "2014-05-07T05:00:09+00:00"
        },
        {
            "name": "yiisoft/jquery-pjax",
            "version": "v2.0.5",
            "source": {
                "type": "git",
                "url": "https://github.com/yiisoft/jquery-pjax.git",
                "reference": "6818718408086db6bdcf33649cecb86b6b4f9b67"
            },
            "dist": {
                "type": "zip",
                "url": "https://api.github.com/repos/yiisoft/jquery-pjax/zipball/6818718408086db6bdcf33649cecb86b6b4f9b67",
                "reference": "6818718408086db6bdcf33649cecb86b6b4f9b67",
                "shasum": ""
            },
            "require": {
                "yiisoft/jquery": ">=1.8"
            },
            "type": "library",
            "notification-url": "https://packagist.org/downloads/",
            "license": [
                "MIT"
            ],
            "description": "pushState + ajax = pjax, a forked maintainted by the Yii Framework core developers",
            "homepage": "https://github.com/yiisoft/jquery-pjax#readme",
            "support": {
                "forum": "http://www.yiiframework.com/forum/",
                "irc": "irc://irc.freenode.org/jquery",
                "issues": "https://github.com/yiisoft/jquery-pjax/issues",
                "source": "https://github.com/yiisoft/jquery-pjax"
            },
            "abandoned": "install via bower instead",
            "time": "2015-11-10T10:06:36+00:00"
        },
        {
            "name": "yiisoft/yii2",
            "version": "2.0.0-beta",
            "source": {
                "type": "git",
                "url": "https://github.com/yiisoft/yii2-framework.git",
                "reference": "2a71e361b3cebf872ecaba45feaf23a7d2a1491d"
            },
            "dist": {
                "type": "zip",
                "url": "https://api.github.com/repos/yiisoft/yii2-framework/zipball/2a71e361b3cebf872ecaba45feaf23a7d2a1491d",
                "reference": "2a71e361b3cebf872ecaba45feaf23a7d2a1491d",
                "shasum": ""
            },
            "require": {
                "cebe/markdown": "0.9.*",
                "ext-mbstring": "*",
                "ezyang/htmlpurifier": "4.6.*",
                "lib-pcre": "*",
                "php": ">=5.4.0",
                "yiisoft/jquery": "~2.0 | ~1.10",
                "yiisoft/jquery-pjax": "*",
                "yiisoft/yii2-composer": "*"
            },
            "type": "library",
            "autoload": {
                "psr-4": {
                    "yii\\": ""
                }
            },
            "notification-url": "https://packagist.org/downloads/",
            "license": [
                "BSD-3-Clause"
            ],
            "authors": [
                {
                    "name": "Qiang Xue",
                    "email": "qiang.xue@gmail.com",
                    "homepage": "http://www.yiiframework.com/",
                    "role": "Founder and project lead"
                },
                {
                    "name": "Alexander Makarov",
                    "email": "sam@rmcreative.ru",
                    "homepage": "http://rmcreative.ru/",
                    "role": "Core framework development"
                },
                {
                    "name": "Maurizio Domba",
                    "homepage": "http://mdomba.info/",
                    "role": "Core framework development"
                },
                {
                    "name": "Carsten Brandt",
                    "email": "mail@cebe.cc",
                    "homepage": "http://cebe.cc/",
                    "role": "Core framework development"
                },
                {
                    "name": "Timur Ruziev",
                    "email": "resurtm@gmail.com",
                    "homepage": "http://resurtm.com/",
                    "role": "Core framework development"
                },
                {
                    "name": "Paul Klimov",
                    "email": "klimov.paul@gmail.com",
                    "role": "Core framework development"
                }
            ],
            "description": "Yii PHP Framework Version 2",
            "homepage": "http://www.yiiframework.com/",
            "keywords": [
                "framework",
                "yii2"
            ],
            "support": {
                "forum": "http://www.yiiframework.com/forum/",
                "irc": "irc://irc.freenode.net/yii",
                "issues": "https://github.com/yiisoft/yii2/issues?state=open",
                "source": "https://github.com/yiisoft/yii2",
                "wiki": "http://www.yiiframework.com/wiki/"
            },
            "time": "2014-04-13T21:58:59+00:00"
        },
        {
            "name": "yiisoft/yii2-composer",
            "version": "2.0.10",
            "source": {
                "type": "git",
                "url": "https://github.com/yiisoft/yii2-composer.git",
                "reference": "94bb3f66e779e2774f8776d6e1bdeab402940510"
            },
            "dist": {
                "type": "zip",
                "url": "https://api.github.com/repos/yiisoft/yii2-composer/zipball/94bb3f66e779e2774f8776d6e1bdeab402940510",
                "reference": "94bb3f66e779e2774f8776d6e1bdeab402940510",
                "shasum": ""
            },
            "require": {
                "composer-plugin-api": "^1.0 | ^2.0"
            },
            "require-dev": {
                "composer/composer": "^1.0 | ^2.0@dev",
                "phpunit/phpunit": "<7"
            },
            "type": "composer-plugin",
            "extra": {
                "class": "yii\\composer\\Plugin",
                "branch-alias": {
                    "dev-master": "2.0.x-dev"
                }
            },
            "autoload": {
                "psr-4": {
                    "yii\\composer\\": ""
                }
            },
            "notification-url": "https://packagist.org/downloads/",
            "license": [
                "BSD-3-Clause"
            ],
            "authors": [
                {
                    "name": "Qiang Xue",
                    "email": "qiang.xue@gmail.com"
                },
                {
                    "name": "Carsten Brandt",
                    "email": "mail@cebe.cc"
                }
            ],
            "description": "The composer plugin for Yii extension installer",
            "keywords": [
                "composer",
                "extension installer",
                "yii2"
            ],
            "support": {
                "forum": "http://www.yiiframework.com/forum/",
                "irc": "irc://irc.freenode.net/yii",
                "issues": "https://github.com/yiisoft/yii2-composer/issues",
                "source": "https://github.com/yiisoft/yii2-composer",
                "wiki": "http://www.yiiframework.com/wiki/"
            },
            "funding": [
                {
                    "url": "https://github.com/yiisoft",
                    "type": "github"
                },
                {
                    "url": "https://opencollective.com/yiisoft",
                    "type": "open_collective"
                },
                {
                    "url": "https://tidelift.com/funding/github/packagist/yiisoft/yii2-composer",
                    "type": "tidelift"
                }
            ],
            "time": "2020-06-24T00:04:01+00:00"
        }
    ],
    "packages-dev": [],
    "aliases": [],
    "minimum-stability": "dev",
    "stability-flags": [],
    "prefer-stable": true,
    "prefer-lowest": false,
    "platform": [],
    "platform-dev": [],
    "plugin-api-version": "2.3.0"
}
